
Microsoft Visual Studio Solution File, Format Version 12.00
# Visual Studio 2012
Project("{FAE04EC0-301F-11D3-BF4B-00C04F79EFBC}") = "NetBoy.Core.Cpu.Arm7Tdmi", "NetBoy.Core.Cpu.Arm7Tdmi\NetBoy.Core.Cpu.Arm7Tdmi.csproj", "{C4B2D2DA-E274-4C21-93C3-7E2D81B2AEA5}"
EndProject
Global
	GlobalSection(SolutionConfigurationPlatforms) = preSolution
		Debug|Any CPU = Debug|Any CPU
		Release|Any CPU = Release|Any CPU
	EndGlobalSection
	GlobalSection(ProjectConfigurationPlatforms) = postSolution
		{C4B2D2DA-E274-4C21-93C3-7E2D81B2AEA5}.Debug|Any CPU.ActiveCfg = Debug|Any CPU
		{C4B2D2DA-E274-4C21-93C3-7E2D81B2AEA5}.Debug|Any CPU.Build.0 = Debug|Any CPU
		{C4B2D2DA-E274-4C21-93C3-7E2D81B2AEA5}.Release|Any CPU.ActiveCfg = Release|Any CPU
		{C4B2D2DA-E274-4C21-93C3-7E2D81B2AEA5}.Release|Any CPU.Build.0 = Release|Any CPU
	EndGlobalSection
	GlobalSection(SolutionProperties) = preSolution
		HideSolutionNode = FALSE
	EndGlobalSection
EndGlobal
